
Microsoft Visual Studio Solution File, Format Version 12.00
# Visual Studio Version 17
VisualStudioVersion = 17.0.31903.59
MinimumVisualStudioVersion = 10.0.40219.1
Project("{FAE04EC0-301F-11D3-BF4B-00C04F79EFBC}") = "Banking.Api", "Banking.Api\Banking.Api.csproj", "{F6D81EF3-31A1-49E4-961A-A880FA623135}"
EndProject
Project("{FAE04EC0-301F-11D3-BF4B-00C04F79EFBC}") = "Banking.Core", "Banking.Core\Banking.Core.csproj", "{C864C8D7-EE08-4172-AE98-FF395AA86232}"
EndProject
Project("{FAE04EC0-301F-11D3-BF4B-00C04F79EFBC}") = "Banking.Infrastructure", "Banking.Infrastructure\Banking.Infrastructure.csproj", "{40FA05A1-7375-4617-BFFA-A28B2D594427}"
EndProject
Project("{FAE04EC0-301F-11D3-BF4B-00C04F79EFBC}") = "Banking.Tests", "Banking.Tests\Banking.Tests.csproj", "{4923E44B-B40C-4AC7-B185-71DAF6E8EA15}"
EndProject
Global
	GlobalSection(SolutionConfigurationPlatforms) = preSolution
		Debug|Any CPU = Debug|Any CPU
		Debug|x64 = Debug|x64
		Debug|x86 = Debug|x86
		Release|Any CPU = Release|Any CPU
		Release|x64 = Release|x64
		Release|x86 = Release|x86
	EndGlobalSection
	GlobalSection(ProjectConfigurationPlatforms) = postSolution
		{F6D81EF3-31A1-49E4-961A-A880FA623135}.Debug|Any CPU.ActiveCfg = Debug|Any CPU
		{F6D81EF3-31A1-49E4-961A-A880FA623135}.Debug|Any CPU.Build.0 = Debug|Any CPU
		{F6D81EF3-31A1-49E4-961A-A880FA623135}.Debug|x64.ActiveCfg = Debug|Any CPU
		{F6D81EF3-31A1-49E4-961A-A880FA623135}.Debug|x64.Build.0 = Debug|Any CPU
		{F6D81EF3-31A1-49E4-961A-A880FA623135}.Debug|x86.ActiveCfg = Debug|Any CPU
		{F6D81EF3-31A1-49E4-961A-A880FA623135}.Debug|x86.Build.0 = Debug|Any CPU
		{F6D81EF3-31A1-49E4-961A-A880FA623135}.Release|Any CPU.ActiveCfg = Release|Any CPU
		{F6D81EF3-31A1-49E4-961A-A880FA623135}.Release|Any CPU.Build.0 = Release|Any CPU
		{F6D81EF3-31A1-49E4-961A-A880FA623135}.Release|x64.ActiveCfg = Release|Any CPU
		{F6D81EF3-31A1-49E4-961A-A880FA623135}.Release|x64.Build.0 = Release|Any CPU
		{F6D81EF3-31A1-49E4-961A-A880FA623135}.Release|x86.ActiveCfg = Release|Any CPU
		{F6D81EF3-31A1-49E4-961A-A880FA623135}.Release|x86.Build.0 = Release|Any CPU
		{C864C8D7-EE08-4172-AE98-FF395AA86232}.Debug|Any CPU.ActiveCfg = Debug|Any CPU
		{C864C8D7-EE08-4172-AE98-FF395AA86232}.Debug|Any CPU.Build.0 = Debug|Any CPU
		{C864C8D7-EE08-4172-AE98-FF395AA86232}.Debug|x64.ActiveCfg = Debug|Any CPU
		{C864C8D7-EE08-4172-AE98-FF395AA86232}.Debug|x64.Build.0 = Debug|Any CPU
		{C864C8D7-EE08-4172-AE98-FF395AA86232}.Debug|x86.ActiveCfg = Debug|Any CPU
		{C864C8D7-EE08-4172-AE98-FF395AA86232}.Debug|x86.Build.0 = Debug|Any CPU
		{C864C8D7-EE08-4172-AE98-FF395AA86232}.Release|Any CPU.ActiveCfg = Release|Any CPU
		{C864C8D7-EE08-4172-AE98-FF395AA86232}.Release|Any CPU.Build.0 = Release|Any CPU
		{C864C8D7-EE08-4172-AE98-FF395AA86232}.Release|x64.ActiveCfg = Release|Any CPU
		{C864C8D7-EE08-4172-AE98-FF395AA86232}.Release|x64.Build.0 = Release|Any CPU
		{C864C8D7-EE08-4172-AE98-FF395AA86232}.Release|x86.ActiveCfg = Release|Any CPU
		{C864C8D7-EE08-4172-AE98-FF395AA86232}.Release|x86.Build.0 = Release|Any CPU
		{40FA05A1-7375-4617-BFFA-A28B2D594427}.Debug|Any CPU.ActiveCfg = Debug|Any CPU
		{40FA05A1-7375-4617-BFFA-A28B2D594427}.Debug|Any CPU.Build.0 = Debug|Any CPU
		{40FA05A1-7375-4617-BFFA-A28B2D594427}.Debug|x64.ActiveCfg = Debug|Any CPU
		{40FA05A1-7375-4617-BFFA-A28B2D594427}.Debug|x64.Build.0 = Debug|Any CPU
		{40FA05A1-7375-4617-BFFA-A28B2D594427}.Debug|x86.ActiveCfg = Debug|Any CPU
		{40FA05A1-7375-4617-BFFA-A28B2D594427}.Debug|x86.Build.0 = Debug|Any CPU
		{40FA05A1-7375-4617-BFFA-A28B2D594427}.Release|Any CPU.ActiveCfg = Release|Any CPU
		{40FA05A1-7375-4617-BFFA-A28B2D594427}.Release|Any CPU.Build.0 = Release|Any CPU
		{40FA05A1-7375-4617-BFFA-A28B2D594427}.Release|x64.ActiveCfg = Release|Any CPU
		{40FA05A1-7375-4617-BFFA-A28B2D594427}.Release|x64.Build.0 = Release|Any CPU
		{40FA05A1-7375-4617-BFFA-A28B2D594427}.Release|x86.ActiveCfg = Release|Any CPU
		{40FA05A1-7375-4617-BFFA-A28B2D594427}.Release|x86.Build.0 = Release|Any CPU
		{4923E44B-B40C-4AC7-B185-71DAF6E8EA15}.Debug|Any CPU.ActiveCfg = Debug|Any CPU
		{4923E44B-B40C-4AC7-B185-71DAF6E8EA15}.Debug|Any CPU.Build.0 = Debug|Any CPU
		{4923E44B-B40C-4AC7-B185-71DAF6E8EA15}.Debug|x64.ActiveCfg = Debug|Any CPU
		{4923E44B-B40C-4AC7-B185-71DAF6E8EA15}.Debug|x64.Build.0 = Debug|Any CPU
		{4923E44B-B40C-4AC7-B185-71DAF6E8EA15}.Debug|x86.ActiveCfg = Debug|Any CPU
		{4923E44B-B40C-4AC7-B185-71DAF6E8EA15}.Debug|x86.Build.0 = Debug|Any CPU
		{4923E44B-B40C-4AC7-B185-71DAF6E8EA15}.Release|Any CPU.ActiveCfg = Release|Any CPU
		{4923E44B-B40C-4AC7-B185-71DAF6E8EA15}.Release|Any CPU.Build.0 = Release|Any CPU
		{4923E44B-B40C-4AC7-B185-71DAF6E8EA15}.Release|x64.ActiveCfg = Release|Any CPU
		{4923E44B-B40C-4AC7-B185-71DAF6E8EA15}.Release|x64.Build.0 = Release|Any CPU
		{4923E44B-B40C-4AC7-B185-71DAF6E8EA15}.Release|x86.ActiveCfg = Release|Any CPU
		{4923E44B-B40C-4AC7-B185-71DAF6E8EA15}.Release|x86.Build.0 = Release|Any CPU
	EndGlobalSection
	GlobalSection(SolutionProperties) = preSolution
		HideSolutionNode = FALSE
	EndGlobalSection
EndGlobal
